# THIS IS AN AUTOGENERATED FILE. DO NOT EDIT THIS FILE DIRECTLY.
# yarn lockfile v1


"@adiwajshing/baileys@^4.0.0":
  version "4.0.0"
  resolved "https://registry.yarnpkg.com/@adiwajshing/baileys/-/baileys-4.0.0.tgz#ee778ffb0caaa80d3b7ba2ce35f4e87e47c2e10c"
  integrity sha512-5BzlC6d/h4Q+mXz1sXvzMW4yRWxN56l4VaqGzWn82w3DIRPXI78Z8mprDo03J2wSb/BCXCQw8HGD80mit+O/Gw==
  dependencies:
    "@hapi/boom" "^9.1.3"
    axios "^0.24.0"
    curve25519-js "^0.0.4"
    libsignal "git+https://github.com/adiwajshing/libsignal-node"
    music-metadata "^7.4.1"
    node-cache "^5.1.2"
    pino "^7.0.0"
    protobufjs "^6.10.1"
    ws "^8.0.0"

"@hapi/boom@^9.1.3":
  version "9.1.4"
  resolved "https://registry.yarnpkg.com/@hapi/boom/-/boom-9.1.4.tgz#1f9dad367c6a7da9f8def24b4a986fc5a7bd9db6"
  integrity sha512-Ls1oH8jaN1vNsqcaHVYJrKmgMcKsC1wcp8bujvXrHaAqD2iDYq3HoOwsxwo09Cuda5R5nC0o0IxlrlTuvPuzSw==
  dependencies:
    "@hapi/hoek" "9.x.x"

"@hapi/hoek@9.x.x":
  version "9.2.1"
  resolved "https://registry.yarnpkg.com/@hapi/hoek/-/hoek-9.2.1.tgz#9551142a1980503752536b5050fd99f4a7f13b17"
  integrity sha512-gfta+H8aziZsm8pZa0vj04KO6biEiisppNgA1kbJvFrrWu9Vm7eaUEy76DIxsuTaWvti5fkJVhllWc6ZTE+Mdw==

"@protobufjs/aspromise@^1.1.1", "@protobufjs/aspromise@^1.1.2":
  version "1.1.2"
  resolved "https://registry.yarnpkg.com/@protobufjs/aspromise/-/aspromise-1.1.2.tgz#9b8b0cc663d669a7d8f6f5d0893a14d348f30fbf"
  integrity sha1-m4sMxmPWaafY9vXQiToU00jzD78=

"@protobufjs/base64@^1.1.2":
  version "1.1.2"
  resolved "https://registry.yarnpkg.com/@protobufjs/base64/-/base64-1.1.2.tgz#4c85730e59b9a1f1f349047dbf24296034bb2735"
  integrity sha512-AZkcAA5vnN/v4PDqKyMR5lx7hZttPDgClv83E//FMNhR2TMcLUhfRUBHCmSl0oi9zMgDDqRUJkSxO3wm85+XLg==

"@protobufjs/codegen@^2.0.4":
  version "2.0.4"
  resolved "https://registry.yarnpkg.com/@protobufjs/codegen/-/codegen-2.0.4.tgz#7ef37f0d010fb028ad1ad59722e506d9262815cb"
  integrity sha512-YyFaikqM5sH0ziFZCN3xDC7zeGaB/d0IUb9CATugHWbd1FRFwWwt4ld4OYMPWu5a3Xe01mGAULCdqhMlPl29Jg==

"@protobufjs/eventemitter@^1.1.0":
  version "1.1.0"
  resolved "https://registry.yarnpkg.com/@protobufjs/eventemitter/-/eventemitter-1.1.0.tgz#355cbc98bafad5978f9ed095f397621f1d066b70"
  integrity sha1-NVy8mLr61ZePntCV85diHx0Ga3A=

"@protobufjs/fetch@^1.1.0":
  version "1.1.0"
  resolved "https://registry.yarnpkg.com/@protobufjs/fetch/-/fetch-1.1.0.tgz#ba99fb598614af65700c1619ff06d454b0d84c45"
  integrity sha1-upn7WYYUr2VwDBYZ/wbUVLDYTEU=
  dependencies:
    "@protobufjs/aspromise" "^1.1.1"
    "@protobufjs/inquire" "^1.1.0"

"@protobufjs/float@^1.0.2":
  version "1.0.2"
  resolved "https://registry.yarnpkg.com/@protobufjs/float/-/float-1.0.2.tgz#5e9e1abdcb73fc0a7cb8b291df78c8cbd97b87d1"
  integrity sha1-Xp4avctz/Ap8uLKR33jIy9l7h9E=

"@protobufjs/inquire@^1.1.0":
  version "1.1.0"
  resolved "https://registry.yarnpkg.com/@protobufjs/inquire/-/inquire-1.1.0.tgz#ff200e3e7cf2429e2dcafc1140828e8cc638f089"
  integrity sha1-/yAOPnzyQp4tyvwRQIKOjMY48Ik=

"@protobufjs/path@^1.1.2":
  version "1.1.2"
  resolved "https://registry.yarnpkg.com/@protobufjs/path/-/path-1.1.2.tgz#6cc2b20c5c9ad6ad0dccfd21ca7673d8d7fbf68d"
  integrity sha1-bMKyDFya1q0NzP0hynZz2Nf79o0=

"@protobufjs/pool@^1.1.0":
  version "1.1.0"
  resolved "https://registry.yarnpkg.com/@protobufjs/pool/-/pool-1.1.0.tgz#09fd15f2d6d3abfa9b65bc366506d6ad7846ff54"
  integrity sha1-Cf0V8tbTq/qbZbw2ZQbWrXhG/1Q=

"@protobufjs/utf8@^1.1.0":
  version "1.1.0"
  resolved "https://registry.yarnpkg.com/@protobufjs/utf8/-/utf8-1.1.0.tgz#a777360b5b39a1a2e5106f8e858f2fd2d060c570"
  integrity sha1-p3c2C1s5oaLlEG+OhY8v0tBgxXA=

"@tokenizer/token@^0.3.0":
  version "0.3.0"
  resolved "https://registry.yarnpkg.com/@tokenizer/token/-/token-0.3.0.tgz#fe98a93fe789247e998c75e74e9c7c63217aa276"
  integrity sha512-OvjF+z51L3ov0OyAU0duzsYuvO01PH7x4t6DJx+guahgTnBHkhJdG7soQeTSFLWN3efnHyibZ4Z8l2EuWwJN3A==

"@types/long@^4.0.0", "@types/long@^4.0.1":
  version "4.0.1"
  resolved "https://registry.yarnpkg.com/@types/long/-/long-4.0.1.tgz#459c65fa1867dafe6a8f322c4c51695663cc55e9"
  integrity sha512-5tXH6Bx/kNGd3MgffdmP4dy2Z+G4eaXw0SE81Tq3BNadtnMR5/ySMzX4SLEzHJzSmPNn4HIdpQsBvXMUykr58w==

"@types/node@>=13.7.0":
  version "17.0.17"
  resolved "https://registry.yarnpkg.com/@types/node/-/node-17.0.17.tgz#a8ddf6e0c2341718d74ee3dc413a13a042c45a0c"
  integrity sha512-e8PUNQy1HgJGV3iU/Bp2+D/DXh3PYeyli8LgIwsQcs1Ar1LoaWHSIT6Rw+H2rNJmiq6SNWiDytfx8+gYj7wDHw==

"@types/node@^10.1.0":
  version "10.17.60"
  resolved "https://registry.yarnpkg.com/@types/node/-/node-10.17.60.tgz#35f3d6213daed95da7f0f73e75bcc6980e90597b"
  integrity sha512-F0KIgDJfy2nA3zMLmWGKxcH2ZVEtCZXHHdOQs2gSaQ27+lNeEfGxzkIw90aXswATX7AZ33tahPbzy6KAfUreVw==

accepts@~1.3.7:
  version "1.3.8"
  resolved "https://registry.yarnpkg.com/accepts/-/accepts-1.3.8.tgz#0bf0be125b67014adcb0b0921e62db7bffe16b2e"
  integrity sha512-PYAthTa2m2VKxuvSD3DPC/Gy+U+sOA1LAuT8mkmRuvw+NACSaeXEQ+NHcVF7rONl6qcaxV3Uuemwawk+7+SJLw==
  dependencies:
    mime-types "~2.1.34"
    negotiator "0.6.3"

ansi-regex@^5.0.1:
  version "5.0.1"
  resolved "https://registry.yarnpkg.com/ansi-regex/-/ansi-regex-5.0.1.tgz#082cb2c89c9fe8659a311a53bd6a4dc5301db304"
  integrity sha512-quJQXlTSUGL2LH9SUXo8VwsY4soanhgo6LNSm84E1LBcE8s3O0wpdiRzyR9z/ZZJMlMWv37qOOb9pdJlMUEKFQ==

ansi-styles@^3.2.1:
  version "3.2.1"
  resolved "https://registry.yarnpkg.com/ansi-styles/-/ansi-styles-3.2.1.tgz#41fbb20243e50b12be0f04b8dedbf07520ce841d"
  integrity sha512-VT0ZI6kZRdTh8YyJw3SMbYm/u+NqfsAxEpWO0Pf9sq8/e94WxxOpPKx9FR1FlyCtOVDNOQ+8ntlqFxiRc+r5qA==
  dependencies:
    color-convert "^1.9.0"

ansi-styles@^4.0.0:
  version "4.3.0"
  resolved "https://registry.yarnpkg.com/ansi-styles/-/ansi-styles-4.3.0.tgz#edd803628ae71c04c85ae7a0906edad34b648937"
  integrity sha512-zbB9rCJAT1rbjiVDb2hqKFHNYLxgtk8NURxZ3IZwD3F6NtxbXZQCnnSi1Lkx+IDohdPlFp222wVALIheZJQSEg==
  dependencies:
    color-convert "^2.0.1"

array-flatten@1.1.1:
  version "1.1.1"
  resolved "https://registry.yarnpkg.com/array-flatten/-/array-flatten-1.1.1.tgz#9a5f699051b1e7073328f2a008968b64ea2955d2"
  integrity sha1-ml9pkFGx5wczKPKgCJaLZOopVdI=

async@0.9.x:
  version "0.9.2"
  resolved "https://registry.yarnpkg.com/async/-/async-0.9.2.tgz#aea74d5e61c1f899613bf64bda66d4c78f2fd17d"
  integrity sha1-rqdNXmHB+JlhO/ZL2mbUx48v0X0=

atomic-sleep@^1.0.0:
  version "1.0.0"
  resolved "https://registry.yarnpkg.com/atomic-sleep/-/atomic-sleep-1.0.0.tgz#eb85b77a601fc932cfe432c5acd364a9e2c9075b"
  integrity sha512-kNOjDqAh7px0XWNI+4QbzoiR/nTkHAWNud2uvnJquD1/x5a7EQZMJT0AczqK0Qn67oY/TTQ1LbUKajZpp3I9tQ==

axios@^0.24.0:
  version "0.24.0"
  resolved "https://registry.yarnpkg.com/axios/-/axios-0.24.0.tgz#804e6fa1e4b9c5288501dd9dff56a7a0940d20d6"
  integrity sha512-Q6cWsys88HoPgAaFAVUb0WpPk0O8iTeisR9IMqy9G8AbO4NlpVknrnQS03zzF9PGAWgO3cgletO3VjV/P7VztA==
  dependencies:
    follow-redirects "^1.14.4"

balanced-match@^1.0.0:
  version "1.0.2"
  resolved "https://registry.yarnpkg.com/balanced-match/-/balanced-match-1.0.2.tgz#e83e3a7e3f300b34cb9d87f615fa0cbf357690ee"
  integrity sha512-3oSeUO0TMV67hN1AmbXsK4yaqU7tjiHlbxRDZOpH0KW9+CeX4bRAaX0Anxt0tx2MrpRpWwQaPwIlISEJhYU5Pw==

body-parser@1.19.1:
  version "1.19.1"
  resolved "https://registry.yarnpkg.com/body-parser/-/body-parser-1.19.1.tgz#1499abbaa9274af3ecc9f6f10396c995943e31d4"
  integrity sha512-8ljfQi5eBk8EJfECMrgqNGWPEY5jWP+1IzkzkGdFFEwFQZZyaZ21UqdaHktgiMlH0xLHqIFtE/u2OYE5dOtViA==
  dependencies:
    bytes "3.1.1"
    content-type "~1.0.4"
    debug "2.6.9"
    depd "~1.1.2"
    http-errors "1.8.1"
    iconv-lite "0.4.24"
    on-finished "~2.3.0"
    qs "6.9.6"
    raw-body "2.4.2"
    type-is "~1.6.18"

brace-expansion@^1.1.7:
  version "1.1.11"
  resolved "https://registry.yarnpkg.com/brace-expansion/-/brace-expansion-1.1.11.tgz#3c7fcbf529d87226f3d2f52b966ff5271eb441dd"
  integrity sha512-iCuPHDFgrHX7H2vEI/5xpz07zSHB00TpugqhmYtVmMO6518mCuRMoOYFldEBl0g187ufozdaHgWKcYFb61qGiA==
  dependencies:
    balanced-match "^1.0.0"
    concat-map "0.0.1"

bytes@3.1.1:
  version "3.1.1"
  resolved "https://registry.yarnpkg.com/bytes/-/bytes-3.1.1.tgz#3f018291cb4cbad9accb6e6970bca9c8889e879a"
  integrity sha512-dWe4nWO/ruEOY7HkUJ5gFt1DCFV9zPRoJr8pV0/ASQermOZjtq8jMjOprC0Kd10GLN+l7xaUPvxzJFWtxGu8Fg==

camelcase@^5.0.0:
  version "5.3.1"
  resolved "https://registry.yarnpkg.com/camelcase/-/camelcase-5.3.1.tgz#e3c9b31569e106811df242f715725a1f4c494320"
  integrity sha512-L28STB170nwWS63UjtlEOE3dldQApaJXZkOI1uMFfzf3rRuPegHaHesyee+YxQ+W6SvRDQV6UrdOdRiR153wJg==

chalk@^2.4.2:
  version "2.4.2"
  resolved "https://registry.yarnpkg.com/chalk/-/chalk-2.4.2.tgz#cd42541677a54333cf541a49108c1432b44c9424"
  integrity sha512-Mti+f9lpJNcwF4tWV8/OrTTtF1gZi+f8FqlyAdouralcFWFQWF2+NgCHShjkCb+IFBLq9buZwE1xckQU4peSuQ==
  dependencies:
    ansi-styles "^3.2.1"
    escape-string-regexp "^1.0.5"
    supports-color "^5.3.0"

cliui@^6.0.0:
  version "6.0.0"
  resolved "https://registry.yarnpkg.com/cliui/-/cliui-6.0.0.tgz#511d702c0c4e41ca156d7d0e96021f23e13225b1"
  integrity sha512-t6wbgtoCXvAzst7QgXxJYqPt0usEfbgQdftEPbLL/cvv6HPE5VgvqCuAIDR0NgU52ds6rFwqrgakNLrHEjCbrQ==
  dependencies:
    string-width "^4.2.0"
    strip-ansi "^6.0.0"
    wrap-ansi "^6.2.0"

clone@2.x:
  version "2.1.2"
  resolved "https://registry.yarnpkg.com/clone/-/clone-2.1.2.tgz#1b7f4b9f591f1e8f83670401600345a02887435f"
  integrity sha1-G39Ln1kfHo+DZwQBYANFoCiHQ18=

color-convert@^1.9.0:
  version "1.9.3"
  resolved "https://registry.yarnpkg.com/color-convert/-/color-convert-1.9.3.tgz#bb71850690e1f136567de629d2d5471deda4c1e8"
  integrity sha512-QfAUtd+vFdAtFQcC8CCyYt1fYWxSqAiK2cSD6zDB8N3cpsEBAvRxp9zOGg6G/SHHJYAT88/az/IuDGALsNVbGg==
  dependencies:
    color-name "1.1.3"

color-convert@^2.0.1:
  version "2.0.1"
  resolved "https://registry.yarnpkg.com/color-convert/-/color-convert-2.0.1.tgz#72d3a68d598c9bdb3af2ad1e84f21d896abd4de3"
  integrity sha512-RRECPsj7iu/xb5oKYcsFHSppFNnsj/52OVTRKb4zP5onXwVF3zVmmToNcOfGC+CRDpfK/U584fMg38ZHCaElKQ==
  dependencies:
    color-name "~1.1.4"

color-name@1.1.3:
  version "1.1.3"
  resolved "https://registry.yarnpkg.com/color-name/-/color-name-1.1.3.tgz#a7d0558bd89c42f795dd42328f740831ca53bc25"
  integrity sha1-p9BVi9icQveV3UIyj3QIMcpTvCU=

color-name@~1.1.4:
  version "1.1.4"
  resolved "https://registry.yarnpkg.com/color-name/-/color-name-1.1.4.tgz#c2a09a87acbde69543de6f63fa3995c826c536a2"
  integrity sha512-dOy+3AuW3a2wNbZHIuMZpTcgjGuLU/uBL/ubcZF9OXbDo8ff4O8yVp5Bf0efS8uEoYo5q4Fx7dY9OgQGXgAsQA==

concat-map@0.0.1:
  version "0.0.1"
  resolved "https://registry.yarnpkg.com/concat-map/-/concat-map-0.0.1.tgz#d8a96bd77fd68df7793a73036a3ba0d5405d477b"
  integrity sha1-2Klr13/Wjfd5OnMDajug1UBdR3s=

content-disposition@0.5.4:
  version "0.5.4"
  resolved "https://registry.yarnpkg.com/content-disposition/-/content-disposition-0.5.4.tgz#8b82b4efac82512a02bb0b1dcec9d2c5e8eb5bfe"
  integrity sha512-FveZTNuGw04cxlAiWbzi6zTAL/lhehaWbTtgluJh4/E95DqMwTmha3KZN1aAWA8cFIhHzMZUvLevkw5Rqk+tSQ==
  dependencies:
    safe-buffer "5.2.1"

content-type@^1.0.4, content-type@~1.0.4:
  version "1.0.4"
  resolved "https://registry.yarnpkg.com/content-type/-/content-type-1.0.4.tgz#e138cc75e040c727b1966fe5e5f8c9aee256fe3b"
  integrity sha512-hIP3EEPs8tB9AT1L+NUqtwOAps4mk2Zob89MWXMHjHWg9milF/j4osnnQLXBCBFBk/tvIG/tUc9mOUJiPBhPXA==

cookie-signature@1.0.6:
  version "1.0.6"
  resolved "https://registry.yarnpkg.com/cookie-signature/-/cookie-signature-1.0.6.tgz#e303a882b342cc3ee8ca513a79999734dab3ae2c"
  integrity sha1-4wOogrNCzD7oylE6eZmXNNqzriw=

cookie@0.4.1:
  version "0.4.1"
  resolved "https://registry.yarnpkg.com/cookie/-/cookie-0.4.1.tgz#afd713fe26ebd21ba95ceb61f9a8116e50a537d1"
  integrity sha512-ZwrFkGJxUR3EIoXtO+yVE69Eb7KlixbaeAWfBQB9vVsNn/o+Yw69gBWSSDK825hQNdN+wF8zELf3dFNl/kxkUA==

curve25519-js@^0.0.4:
  version "0.0.4"
  resolved "https://registry.yarnpkg.com/curve25519-js/-/curve25519-js-0.0.4.tgz#e6ad967e8cd284590d657bbfc90d8b50e49ba060"
  integrity sha512-axn2UMEnkhyDUPWOwVKBMVIzSQy2ejH2xRGy1wq81dqRwApXfIzfbE3hIX0ZRFBIihf/KDqK158DLwESu4AK1w==

debug@2.6.9:
  version "2.6.9"
  resolved "https://registry.yarnpkg.com/debug/-/debug-2.6.9.tgz#5d128515df134ff327e90a4c93f4e077a536341f"
  integrity sha512-bC7ElrdJaJnPbAP+1EotYvqZsb3ecl5wi6Bfi6BJTUcNowp6cvspg0jXznRTKDjm/E7AdgFBVeAPVMNcKGsHMA==
  dependencies:
    ms "2.0.0"

debug@^4.3.3:
  version "4.3.3"
  resolved "https://registry.yarnpkg.com/debug/-/debug-4.3.3.tgz#04266e0b70a98d4462e6e288e38259213332b664"
  integrity sha512-/zxw5+vh1Tfv+4Qn7a5nsbcJKPaSvCDhojn6FEl9vupwK2VCSDtEiEtqr8DFtzYFOdz63LBkxec7DYuc2jon6Q==
  dependencies:
    ms "2.1.2"

decamelize@^1.2.0:
  version "1.2.0"
  resolved "https://registry.yarnpkg.com/decamelize/-/decamelize-1.2.0.tgz#f6534d15148269b20352e7bee26f501f9a191290"
  integrity sha1-9lNNFRSCabIDUue+4m9QH5oZEpA=

depd@~1.1.2:
  version "1.1.2"
  resolved "https://registry.yarnpkg.com/depd/-/depd-1.1.2.tgz#9bcd52e14c097763e749b274c4346ed2e560b5a9"
  integrity sha1-m81S4UwJd2PnSbJ0xDRu0uVgtak=

destroy@~1.0.4:
  version "1.0.4"
  resolved "https://registry.yarnpkg.com/destroy/-/destroy-1.0.4.tgz#978857442c44749e4206613e37946205826abd80"
  integrity sha1-l4hXRCxEdJ5CBmE+N5RiBYJqvYA=

dijkstrajs@^1.0.1:
  version "1.0.2"
  resolved "https://registry.yarnpkg.com/dijkstrajs/-/dijkstrajs-1.0.2.tgz#2e48c0d3b825462afe75ab4ad5e829c8ece36257"
  integrity sha512-QV6PMaHTCNmKSeP6QoXhVTw9snc9VD8MulTT0Bd99Pacp4SS1cjcrYPgBPmibqKVtMJJfqC6XvOXgPMEEPH/fg==

duplexify@^4.1.2:
  version "4.1.2"
  resolved "https://registry.yarnpkg.com/duplexify/-/duplexify-4.1.2.tgz#18b4f8d28289132fa0b9573c898d9f903f81c7b0"
  integrity sha512-fz3OjcNCHmRP12MJoZMPglx8m4rrFP8rovnk4vT8Fs+aonZoCwGg10dSsQsfP/E62eZcPTMSMP6686fu9Qlqtw==
  dependencies:
    end-of-stream "^1.4.1"
    inherits "^2.0.3"
    readable-stream "^3.1.1"
    stream-shift "^1.0.0"

ee-first@1.1.1:
  version "1.1.1"
  resolved "https://registry.yarnpkg.com/ee-first/-/ee-first-1.1.1.tgz#590c61156b0ae2f4f0255732a158b266bc56b21d"
  integrity sha1-WQxhFWsK4vTwJVcyoViyZrxWsh0=

ejs@^3.1.6:
  version "3.1.6"
  resolved "https://registry.yarnpkg.com/ejs/-/ejs-3.1.6.tgz#5bfd0a0689743bb5268b3550cceeebbc1702822a"
  integrity sha512-9lt9Zse4hPucPkoP7FHDF0LQAlGyF9JVpnClFLFH3aSSbxmyoqINRpp/9wePWJTUl4KOQwRL72Iw3InHPDkoGw==
  dependencies:
    jake "^10.6.1"

emoji-regex@^8.0.0:
  version "8.0.0"
  resolved "https://registry.yarnpkg.com/emoji-regex/-/emoji-regex-8.0.0.tgz#e818fd69ce5ccfcb404594f842963bf53164cc37"
  integrity sha512-MSjYzcWNOA0ewAHpz0MxpYFvwg6yjy1NG3xteoqz644VCo/RPgnr1/GGt+ic3iJTzQ8Eu3TdM14SawnVUmGE6A==

encode-utf8@^1.0.3:
  version "1.0.3"
  resolved "https://registry.yarnpkg.com/encode-utf8/-/encode-utf8-1.0.3.tgz#f30fdd31da07fb596f281beb2f6b027851994cda"
  integrity sha512-ucAnuBEhUK4boH2HjVYG5Q2mQyPorvv0u/ocS+zhdw0S8AlHYY+GOFhP1Gio5z4icpP2ivFSvhtFjQi8+T9ppw==

encodeurl@~1.0.2:
  version "1.0.2"
  resolved "https://registry.yarnpkg.com/encodeurl/-/encodeurl-1.0.2.tgz#ad3ff4c86ec2d029322f5a02c3a9a606c95b3f59"
  integrity sha1-rT/0yG7C0CkyL1oCw6mmBslbP1k=

end-of-stream@^1.4.1:
  version "1.4.4"
  resolved "https://registry.yarnpkg.com/end-of-stream/-/end-of-stream-1.4.4.tgz#5ae64a5f45057baf3626ec14da0ca5e4b2431eb0"
  integrity sha512-+uw1inIHVPQoaVuHzRyXd21icM+cnt4CzD5rW+NC1wjOUSTOs+Te7FOv7AhN7vS9x/oIyhLP5PR1H+phQAHu5Q==
  dependencies:
    once "^1.4.0"

escape-html@~1.0.3:
  version "1.0.3"
  resolved "https://registry.yarnpkg.com/escape-html/-/escape-html-1.0.3.tgz#0258eae4d3d0c0974de1c169188ef0051d1d1988"
  integrity sha1-Aljq5NPQwJdN4cFpGI7wBR0dGYg=

escape-string-regexp@^1.0.5:
  version "1.0.5"
  resolved "https://registry.yarnpkg.com/escape-string-regexp/-/escape-string-regexp-1.0.5.tgz#1b61c0562190a8dff6ae3bb2cf0200ca130b86d4"
  integrity sha1-G2HAViGQqN/2rjuyzwIAyhMLhtQ=

etag@~1.8.1:
  version "1.8.1"
  resolved "https://registry.yarnpkg.com/etag/-/etag-1.8.1.tgz#41ae2eeb65efa62268aebfea83ac7d79299b0887"
  integrity sha1-Qa4u62XvpiJorr/qg6x9eSmbCIc=

express@^4.17.2:
  version "4.17.2"
  resolved "https://registry.yarnpkg.com/express/-/express-4.17.2.tgz#c18369f265297319beed4e5558753cc8c1364cb3"
  integrity sha512-oxlxJxcQlYwqPWKVJJtvQiwHgosH/LrLSPA+H4UxpyvSS6jC5aH+5MoHFM+KABgTOt0APue4w66Ha8jCUo9QGg==
  dependencies:
    accepts "~1.3.7"
    array-flatten "1.1.1"
    body-parser "1.19.1"
    content-disposition "0.5.4"
    content-type "~1.0.4"
    cookie "0.4.1"
    cookie-signature "1.0.6"
    debug "2.6.9"
    depd "~1.1.2"
    encodeurl "~1.0.2"
    escape-html "~1.0.3"
    etag "~1.8.1"
    finalhandler "~1.1.2"
    fresh "0.5.2"
    merge-descriptors "1.0.1"
    methods "~1.1.2"
    on-finished "~2.3.0"
    parseurl "~1.3.3"
    path-to-regexp "0.1.7"
    proxy-addr "~2.0.7"
    qs "6.9.6"
    range-parser "~1.2.1"
    safe-buffer "5.2.1"
    send "0.17.2"
    serve-static "1.14.2"
    setprototypeof "1.2.0"
    statuses "~1.5.0"
    type-is "~1.6.18"
    utils-merge "1.0.1"
    vary "~1.1.2"

fast-redact@^3.0.0:
  version "3.1.0"
  resolved "https://registry.yarnpkg.com/fast-redact/-/fast-redact-3.1.0.tgz#37c26cda9cab70bc04393f7ba1feb2d176da6c6b"
  integrity sha512-dir8LOnvialLxiXDPESMDHGp82CHi6ZEYTVkcvdn5d7psdv9ZkkButXrOeXST4aqreIRR+N7CYlsrwFuorurVg==

file-type@16.5.3:
  version "16.5.3"
  resolved "https://registry.yarnpkg.com/file-type/-/file-type-16.5.3.tgz#474b7e88c74724046abb505e9b8ed4db30c4fc06"
  integrity sha512-uVsl7iFhHSOY4bEONLlTK47iAHtNsFHWP5YE4xJfZ4rnX7S1Q3wce09XgqSC7E/xh8Ncv/be1lNoyprlUH/x6A==
  dependencies:
    readable-web-to-node-stream "^3.0.0"
    strtok3 "^6.2.4"
    token-types "^4.1.1"

filelist@^1.0.1:
  version "1.0.2"
  resolved "https://registry.yarnpkg.com/filelist/-/filelist-1.0.2.tgz#80202f21462d4d1c2e214119b1807c1bc0380e5b"
  integrity sha512-z7O0IS8Plc39rTCq6i6iHxk43duYOn8uFJiWSewIq0Bww1RNybVHSCjahmcC87ZqAm4OTvFzlzeGu3XAzG1ctQ==
  dependencies:
    minimatch "^3.0.4"

finalhandler@~1.1.2:
  version "1.1.2"
  resolved "https://registry.yarnpkg.com/finalhandler/-/finalhandler-1.1.2.tgz#b7e7d000ffd11938d0fdb053506f6ebabe9f587d"
  integrity sha512-aAWcW57uxVNrQZqFXjITpW3sIUQmHGG3qSb9mUah9MgMC4NeWhNOlNjXEYq3HjRAvL6arUviZGGJsBg6z0zsWA==
  dependencies:
    debug "2.6.9"
    encodeurl "~1.0.2"
    escape-html "~1.0.3"
    on-finished "~2.3.0"
    parseurl "~1.3.3"
    statuses "~1.5.0"
    unpipe "~1.0.0"

find-up@^4.1.0:
  version "4.1.0"
  resolved "https://registry.yarnpkg.com/find-up/-/find-up-4.1.0.tgz#97afe7d6cdc0bc5928584b7c8d7b16e8a9aa5d19"
  integrity sha512-PpOwAdQ/YlXQ2vj8a3h8IipDuYRi3wceVQQGYWxNINccq40Anw7BlsEXCMbt1Zt+OLA6Fq9suIpIWD0OsnISlw==
  dependencies:
    locate-path "^5.0.0"
    path-exists "^4.0.0"

follow-redirects@^1.14.4:
  version "1.14.8"
  resolved "https://registry.yarnpkg.com/follow-redirects/-/follow-redirects-1.14.8.tgz#016996fb9a11a100566398b1c6839337d7bfa8fc"
  integrity sha512-1x0S9UVJHsQprFcEC/qnNzBLcIxsjAV905f/UkQxbclCsoTWlacCNOpQa/anodLl2uaEKFhfWOvM2Qg77+15zA==

forwarded@0.2.0:
  version "0.2.0"
  resolved "https://registry.yarnpkg.com/forwarded/-/forwarded-0.2.0.tgz#2269936428aad4c15c7ebe9779a84bf0b2a81811"
  integrity sha512-buRG0fpBtRHSTCOASe6hD258tEubFoRLb4ZNA6NxMVHNw2gOcwHo9wyablzMzOA5z9xA9L1KNjk/Nt6MT9aYow==

fresh@0.5.2:
  version "0.5.2"
  resolved "https://registry.yarnpkg.com/fresh/-/fresh-0.5.2.tgz#3d8cadd90d976569fa835ab1f8e4b23a105605a7"
  integrity sha1-PYyt2Q2XZWn6g1qx+OSyOhBWBac=

get-caller-file@^2.0.1:
  version "2.0.5"
  resolved "https://registry.yarnpkg.com/get-caller-file/-/get-caller-file-2.0.5.tgz#4f94412a82db32f36e3b0b9741f8a97feb031f7e"
  integrity sha512-DyFP3BM/3YHTQOCUL/w0OZHR0lpKeGrxotcHWcqNEdnltqFwXVfhEBQ94eIo34AfQpo0rGki4cyIiftY06h2Fg==

has-flag@^3.0.0:
  version "3.0.0"
  resolved "https://registry.yarnpkg.com/has-flag/-/has-flag-3.0.0.tgz#b5d454dc2199ae225699f3467e5a07f3b955bafd"
  integrity sha1-tdRU3CGZriJWmfNGfloH87lVuv0=

http-errors@1.8.1:
  version "1.8.1"
  resolved "https://registry.yarnpkg.com/http-errors/-/http-errors-1.8.1.tgz#7c3f28577cbc8a207388455dbd62295ed07bd68c"
  integrity sha512-Kpk9Sm7NmI+RHhnj6OIWDI1d6fIoFAtFt9RLaTMRlg/8w49juAStsrBgp0Dp4OdxdVbRIeKhtCUvoi/RuAhO4g==
  dependencies:
    depd "~1.1.2"
    inherits "2.0.4"
    setprototypeof "1.2.0"
    statuses ">= 1.5.0 < 2"
    toidentifier "1.0.1"

http-status@^1.5.0:
  version "1.5.0"
  resolved "https://registry.yarnpkg.com/http-status/-/http-status-1.5.0.tgz#2edfb02068d236ba60fd1481ad89219aa96e1677"
  integrity sha512-wcGvY31MpFNHIkUcXHHnvrE4IKYlpvitJw5P/1u892gMBAM46muQ+RH7UN1d+Ntnfx5apnOnVY6vcLmrWHOLwg==

iconv-lite@0.4.24:
  version "0.4.24"
  resolved "https://registry.yarnpkg.com/iconv-lite/-/iconv-lite-0.4.24.tgz#2022b4b25fbddc21d2f524974a474aafe733908b"
  integrity sha512-v3MXnZAcvnywkTUEZomIActle7RXXeedOR31wwl7VlyoXO4Qi9arvSenNQWne1TcRwhCL1HwLI21bEqdpj8/rA==
  dependencies:
    safer-buffer ">= 2.1.2 < 3"

ieee754@^1.2.1:
  version "1.2.1"
  resolved "https://registry.yarnpkg.com/ieee754/-/ieee754-1.2.1.tgz#8eb7a10a63fff25d15a57b001586d177d1b0d352"
  integrity sha512-dcyqhDvX1C46lXZcVqCpK+FtMRQVdIMN6/Df5js2zouUsqG7I6sFxitIC+7KYK29KdXOLHdu9zL4sFnoVQnqaA==

inherits@2.0.4, inherits@^2.0.3:
  version "2.0.4"
  resolved "https://registry.yarnpkg.com/inherits/-/inherits-2.0.4.tgz#0fa2c64f932917c3433a0ded55363aae37416b7c"
  integrity sha512-k/vGaX4/Yla3WzyMCvTQOXYeIHvqOKtnqBduzTHpzpQZzAskKMhZ2K+EnBiSM9zGSoIFeMpXKxa4dYeZIQqewQ==

ipaddr.js@1.9.1:
  version "1.9.1"
  resolved "https://registry.yarnpkg.com/ipaddr.js/-/ipaddr.js-1.9.1.tgz#bff38543eeb8984825079ff3a2a8e6cbd46781b3"
  integrity sha512-0KI/607xoxSToH7GjN1FfSbLoU0+btTicjsQSWQlh/hZykN8KpmMf7uYwPW3R+akZ6R/w18ZlXSHBYXiYUPO3g==

is-fullwidth-code-point@^3.0.0:
  version "3.0.0"
  resolved "https://registry.yarnpkg.com/is-fullwidth-code-point/-/is-fullwidth-code-point-3.0.0.tgz#f116f8064fe90b3f7844a38997c0b75051269f1d"
  integrity sha512-zymm5+u+sCsSWyD9qNaejV3DFvhCKclKdizYaJUuHA83RLjb7nSuGnddCHGv0hk+KY7BMAlsWeK4Ueg6EV6XQg==

jake@^10.6.1:
  version "10.8.2"
  resolved "https://registry.yarnpkg.com/jake/-/jake-10.8.2.tgz#ebc9de8558160a66d82d0eadc6a2e58fbc500a7b"
  integrity sha512-eLpKyrfG3mzvGE2Du8VoPbeSkRry093+tyNjdYaBbJS9v17knImYGNXQCUV0gLxQtF82m3E8iRb/wdSQZLoq7A==
  dependencies:
    async "0.9.x"
    chalk "^2.4.2"
    filelist "^1.0.1"
    minimatch "^3.0.4"

"libsignal@git+https://github.com/adiwajshing/libsignal-node":
  version "2.0.1"
  resolved "git+https://github.com/adiwajshing/libsignal-node#4ffc1f3d6147ffdec88f62e70f41e7de2e08cd42"
  dependencies:
    curve25519-js "^0.0.4"
    protobufjs "6.8.8"

locate-path@^5.0.0:
  version "5.0.0"
  resolved "https://registry.yarnpkg.com/locate-path/-/locate-path-5.0.0.tgz#1afba396afd676a6d42504d0a67a3a7eb9f62aa0"
  integrity sha512-t7hw9pI+WvuwNJXwk5zVHpyhIqzg2qTlklJOf0mVxGSbe3Fp2VieZcduNYjaLDoy6p9uGpQEGWG87WpMKlNq8g==
  dependencies:
    p-locate "^4.1.0"

long@^4.0.0:
  version "4.0.0"
  resolved "https://registry.yarnpkg.com/long/-/long-4.0.0.tgz#9a7b71cfb7d361a194ea555241c92f7468d5bf28"
  integrity sha512-XsP+KhQif4bjX1kbuSiySJFNAehNxgLb6hPRGJ9QsUr8ajHkuXGdrHmFUTUUXhDwVX2R5bY4JNZEwbUiMhV+MA==

media-typer@0.3.0:
  version "0.3.0"
  resolved "https://registry.yarnpkg.com/media-typer/-/media-typer-0.3.0.tgz#8710d7af0aa626f8fffa1ce00168545263255748"
  integrity sha1-hxDXrwqmJvj/+hzgAWhUUmMlV0g=

media-typer@^1.1.0:
  version "1.1.0"
  resolved "https://registry.yarnpkg.com/media-typer/-/media-typer-1.1.0.tgz#6ab74b8f2d3320f2064b2a87a38e7931ff3a5561"
  integrity sha512-aisnrDP4GNe06UcKFnV5bfMNPBUw4jsLGaWwWfnH3v02GnBuXX2MCVn5RbrWo0j3pczUilYblq7fQ7Nw2t5XKw==

merge-descriptors@1.0.1:
  version "1.0.1"
  resolved "https://registry.yarnpkg.com/merge-descriptors/-/merge-descriptors-1.0.1.tgz#b00aaa556dd8b44568150ec9d1b953f3f90cbb61"
  integrity sha1-sAqqVW3YtEVoFQ7J0blT8/kMu2E=

methods@~1.1.2:
  version "1.1.2"
  resolved "https://registry.yarnpkg.com/methods/-/methods-1.1.2.tgz#5529a4d67654134edcc5266656835b0f851afcee"
  integrity sha1-VSmk1nZUE07cxSZmVoNbD4Ua/O4=

mime-db@1.51.0:
  version "1.51.0"
  resolved "https://registry.yarnpkg.com/mime-db/-/mime-db-1.51.0.tgz#d9ff62451859b18342d960850dc3cfb77e63fb0c"
  integrity sha512-5y8A56jg7XVQx2mbv1lu49NR4dokRnhZYTtL+KGfaa27uq4pSTXkwQkFJl4pkRMyNFz/EtYDSkiiEHx3F7UN6g==

mime-types@~2.1.24, mime-types@~2.1.34:
  version "2.1.34"
  resolved "https://registry.yarnpkg.com/mime-types/-/mime-types-2.1.34.tgz#5a712f9ec1503511a945803640fafe09d3793c24"
  integrity sha512-6cP692WwGIs9XXdOO4++N+7qjqv0rqxxVvJ3VHPh/Sc9mVZcQP+ZGhkKiTvWMQRr2tbHkJP/Yn7Y0npb3ZBs4A==
  dependencies:
    mime-db "1.51.0"

mime@1.6.0:
  version "1.6.0"
  resolved "https://registry.yarnpkg.com/mime/-/mime-1.6.0.tgz#32cd9e5c64553bd58d19a568af452acff04981b1"
  integrity sha512-x0Vn8spI+wuJ1O6S7gnbaQg8Pxh4NNHb7KSINmEWKiPE4RKOplvijn+NkmYmmRgP68mc70j2EbeTFRsrswaQeg==

minimatch@^3.0.4:
  version "3.0.5"
  resolved "https://registry.yarnpkg.com/minimatch/-/minimatch-3.0.5.tgz#4da8f1290ee0f0f8e83d60ca69f8f134068604a3"
  integrity sha512-tUpxzX0VAzJHjLu0xUfFv1gwVp9ba3IOuRAVH2EGuRW8a5emA2FlACLqiT/lDVtS1W+TGNwqz3sWaNyLgDJWuw==
  dependencies:
    brace-expansion "^1.1.7"

ms@2.0.0:
  version "2.0.0"
  resolved "https://registry.yarnpkg.com/ms/-/ms-2.0.0.tgz#5608aeadfc00be6c2901df5f9861788de0d597c8"
  integrity sha1-VgiurfwAvmwpAd9fmGF4jeDVl8g=

ms@2.1.2:
  version "2.1.2"
  resolved "https://registry.yarnpkg.com/ms/-/ms-2.1.2.tgz#d09d1f357b443f493382a8eb3ccd183872ae6009"
  integrity sha512-sGkPx+VjMtmA6MX27oA4FBFELFCZZ4S4XqeGOXCv68tT+jb3vk/RyaKWP0PTKyWtmLSM0b+adUTEvbs1PEaH2w==

ms@2.1.3:
  version "2.1.3"
  resolved "https://registry.yarnpkg.com/ms/-/ms-2.1.3.tgz#574c8138ce1d2b5861f0b44579dbadd60c6615b2"
  integrity sha512-6FlzubTLZG3J2a/NVCAleEhjzq5oxgHyaCU9yYXvcLsvoVaHJq/s5xXI6/XXP6tz7R9xAOtHnSO/tXtF3WRTlA==

music-metadata@^7.4.1:
  version "7.11.8"
  resolved "https://registry.yarnpkg.com/music-metadata/-/music-metadata-7.11.8.tgz#be67ff6d5e5499d2a31a7044079cb83c03544cc2"
  integrity sha512-KaJzxDlYId05zN029WaKhJYcT5FB0QmTRSGDq5bRfPTBUw4Hl0VvJvaO5C5mm0ATWMREecMANV9YUatLMg+0Mg==
  dependencies:
    "@tokenizer/token" "^0.3.0"
    content-type "^1.0.4"
    debug "^4.3.3"
    file-type "16.5.3"
    media-typer "^1.1.0"
    strtok3 "^6.2.4"
    token-types "^4.1.1"

negotiator@0.6.3:
  version "0.6.3"
  resolved "https://registry.yarnpkg.com/negotiator/-/negotiator-0.6.3.tgz#58e323a72fedc0d6f9cd4d31fe49f51479590ccd"
  integrity sha512-+EUsqGPLsM+j/zdChZjsnX51g4XrHFOIXwfnCVPGlQk/k5giakcKsuxCObBRu6DSm9opw/O6slWbJdghQM4bBg==

node-cache@^5.1.2:
  version "5.1.2"
  resolved "https://registry.yarnpkg.com/node-cache/-/node-cache-5.1.2.tgz#f264dc2ccad0a780e76253a694e9fd0ed19c398d"
  integrity sha512-t1QzWwnk4sjLWaQAS8CHgOJ+RAfmHpxFWmc36IWTiWHQfs0w5JDMBS1b1ZxQteo0vVVuWJvIUKHDkkeK7vIGCg==
  dependencies:
    clone "2.x"

on-exit-leak-free@^0.2.0:
  version "0.2.0"
  resolved "https://registry.yarnpkg.com/on-exit-leak-free/-/on-exit-leak-free-0.2.0.tgz#b39c9e3bf7690d890f4861558b0d7b90a442d209"
  integrity sha512-dqaz3u44QbRXQooZLTUKU41ZrzYrcvLISVgbrzbyCMxpmSLJvZ3ZamIJIZ29P6OhZIkNIQKosdeM6t1LYbA9hg==

on-finished@~2.3.0:
  version "2.3.0"
  resolved "https://registry.yarnpkg.com/on-finished/-/on-finished-2.3.0.tgz#20f1336481b083cd75337992a16971aa2d906947"
  integrity sha1-IPEzZIGwg811M3mSoWlxqi2QaUc=
  dependencies:
    ee-first "1.1.1"

once@^1.4.0:
  version "1.4.0"
  resolved "https://registry.yarnpkg.com/once/-/once-1.4.0.tgz#583b1aa775961d4b113ac17d9c50baef9dd76bd1"
  integrity sha1-WDsap3WWHUsROsF9nFC6753Xa9E=
  dependencies:
    wrappy "1"

p-limit@^2.2.0:
  version "2.3.0"
  resolved "https://registry.yarnpkg.com/p-limit/-/p-limit-2.3.0.tgz#3dd33c647a214fdfffd835933eb086da0dc21db1"
  integrity sha512-//88mFWSJx8lxCzwdAABTJL2MyWB12+eIY7MDL2SqLmAkeKU9qxRvWuSyTjm3FUmpBEMuFfckAIqEaVGUDxb6w==
  dependencies:
    p-try "^2.0.0"

p-locate@^4.1.0:
  version "4.1.0"
  resolved "https://registry.yarnpkg.com/p-locate/-/p-locate-4.1.0.tgz#a3428bb7088b3a60292f66919278b7c297ad4f07"
  integrity sha512-R79ZZ/0wAxKGu3oYMlz8jy/kbhsNrS7SKZ7PxEHBgJ5+F2mtFW2fK2cOtBh1cHYkQsbzFV7I+EoRKe6Yt0oK7A==
  dependencies:
    p-limit "^2.2.0"

p-try@^2.0.0:
  version "2.2.0"
  resolved "https://registry.yarnpkg.com/p-try/-/p-try-2.2.0.tgz#cb2868540e313d61de58fafbe35ce9004d5540e6"
  integrity sha512-R4nPAVTAU0B9D35/Gk3uJf/7XYbQcyohSKdvAxIRSNghFl4e71hVoGnBNQz9cWaXxO2I10KTC+3jMdvvoKw6dQ==

parseurl@~1.3.3:
  version "1.3.3"
  resolved "https://registry.yarnpkg.com/parseurl/-/parseurl-1.3.3.tgz#9da19e7bee8d12dff0513ed5b76957793bc2e8d4"
  integrity sha512-CiyeOxFT/JZyN5m0z9PfXw4SCBJ6Sygz1Dpl0wqjlhDEGGBP1GnsUVEL0p63hoG1fcj3fHynXi9NYO4nWOL+qQ==

path-exists@^4.0.0:
  version "4.0.0"
  resolved "https://registry.yarnpkg.com/path-exists/-/path-exists-4.0.0.tgz#513bdbe2d3b95d7762e8c1137efa195c6c61b5b3"
  integrity sha512-ak9Qy5Q7jYb2Wwcey5Fpvg2KoAc/ZIhLSLOSBmRmygPsGwkVVt0fZa0qrtMz+m6tJTAHfZQ8FnmB4MG4LWy7/w==

path-to-regexp@0.1.7:
  version "0.1.7"
  resolved "https://registry.yarnpkg.com/path-to-regexp/-/path-to-regexp-0.1.7.tgz#df604178005f522f15eb4490e7247a1bfaa67f8c"
  integrity sha1-32BBeABfUi8V60SQ5yR6G/qmf4w=

peek-readable@^4.1.0:
  version "4.1.0"
  resolved "https://registry.yarnpkg.com/peek-readable/-/peek-readable-4.1.0.tgz#4ece1111bf5c2ad8867c314c81356847e8a62e72"
  integrity sha512-ZI3LnwUv5nOGbQzD9c2iDG6toheuXSZP5esSHBjopsXH4dg19soufvpUGA3uohi5anFtGb2lhAVdHzH6R/Evvg==

pino-abstract-transport@v0.5.0:
  version "0.5.0"
  resolved "https://registry.yarnpkg.com/pino-abstract-transport/-/pino-abstract-transport-0.5.0.tgz#4b54348d8f73713bfd14e3dc44228739aa13d9c0"
  integrity sha512-+KAgmVeqXYbTtU2FScx1XS3kNyfZ5TrXY07V96QnUSFqo2gAqlvmaxH67Lj7SWazqsMabf+58ctdTcBgnOLUOQ==
  dependencies:
    duplexify "^4.1.2"
    split2 "^4.0.0"

pino-std-serializers@^4.0.0:
  version "4.0.0"
  resolved "https://registry.yarnpkg.com/pino-std-serializers/-/pino-std-serializers-4.0.0.tgz#1791ccd2539c091ae49ce9993205e2cd5dbba1e2"
  integrity sha512-cK0pekc1Kjy5w9V2/n+8MkZwusa6EyyxfeQCB799CQRhRt/CqYKiWs5adeu8Shve2ZNffvfC/7J64A2PJo1W/Q==

pino@^7.0.0:
  version "7.6.5"
  resolved "https://registry.yarnpkg.com/pino/-/pino-7.6.5.tgz#a8bf9bfacbbcb78b4fe34f9378c29ef229b07b5d"
  integrity sha512-38tAwlJ7HevMENHD5FZE+yxSlAH5Wg3FoOjbB3MX2j3/kgpOEkmDHhTVKkecR57qxD5doHo2yi9nac94gqqbiQ==
  dependencies:
    fast-redact "^3.0.0"
    on-exit-leak-free "^0.2.0"
    pino-abstract-transport v0.5.0
    pino-std-serializers "^4.0.0"
    process-warning "^1.0.0"
    quick-format-unescaped "^4.0.3"
    real-require "^0.1.0"
    safe-stable-stringify "^2.1.0"
    sonic-boom "^2.2.1"
    thread-stream "^0.13.0"

pngjs@^5.0.0:
  version "5.0.0"
  resolved "https://registry.yarnpkg.com/pngjs/-/pngjs-5.0.0.tgz#e79dd2b215767fd9c04561c01236df960bce7fbb"
  integrity sha512-40QW5YalBNfQo5yRYmiw7Yz6TKKVr3h6970B2YE+3fQpsWcrbj1PzJgxeJ19DRQjhMbKPIuMY8rFaXc8moolVw==

process-warning@^1.0.0:
  version "1.0.0"
  resolved "https://registry.yarnpkg.com/process-warning/-/process-warning-1.0.0.tgz#980a0b25dc38cd6034181be4b7726d89066b4616"
  integrity sha512-du4wfLyj4yCZq1VupnVSZmRsPJsNuxoDQFdCFHLaYiEbFBD7QE0a+I4D7hOxrVnh78QE/YipFAj9lXHiXocV+Q==

protobufjs@6.8.8:
  version "6.8.8"
  resolved "https://registry.yarnpkg.com/protobufjs/-/protobufjs-6.8.8.tgz#c8b4f1282fd7a90e6f5b109ed11c84af82908e7c"
  integrity sha512-AAmHtD5pXgZfi7GMpllpO3q1Xw1OYldr+dMUlAnffGTAhqkg72WdmSY71uKBF/JuyiKs8psYbtKrhi0ASCD8qw==
  dependencies:
    "@protobufjs/aspromise" "^1.1.2"
    "@protobufjs/base64" "^1.1.2"
    "@protobufjs/codegen" "^2.0.4"
    "@protobufjs/eventemitter" "^1.1.0"
    "@protobufjs/fetch" "^1.1.0"
    "@protobufjs/float" "^1.0.2"
    "@protobufjs/inquire" "^1.1.0"
    "@protobufjs/path" "^1.1.2"
    "@protobufjs/pool" "^1.1.0"
    "@protobufjs/utf8" "^1.1.0"
    "@types/long" "^4.0.0"
    "@types/node" "^10.1.0"
    long "^4.0.0"

protobufjs@^6.10.1:
  version "6.11.2"
  resolved "https://registry.yarnpkg.com/protobufjs/-/protobufjs-6.11.2.tgz#de39fabd4ed32beaa08e9bb1e30d08544c1edf8b"
  integrity sha512-4BQJoPooKJl2G9j3XftkIXjoC9C0Av2NOrWmbLWT1vH32GcSUHjM0Arra6UfTsVyfMAuFzaLucXn1sadxJydAw==
  dependencies:
    "@protobufjs/aspromise" "^1.1.2"
    "@protobufjs/base64" "^1.1.2"
    "@protobufjs/codegen" "^2.0.4"
    "@protobufjs/eventemitter" "^1.1.0"
    "@protobufjs/fetch" "^1.1.0"
    "@protobufjs/float" "^1.0.2"
    "@protobufjs/inquire" "^1.1.0"
    "@protobufjs/path" "^1.1.2"
    "@protobufjs/pool" "^1.1.0"
    "@protobufjs/utf8" "^1.1.0"
    "@types/long" "^4.0.1"
    "@types/node" ">=13.7.0"
    long "^4.0.0"

proxy-addr@~2.0.7:
  version "2.0.7"
  resolved "https://registry.yarnpkg.com/proxy-addr/-/proxy-addr-2.0.7.tgz#f19fe69ceab311eeb94b42e70e8c2070f9ba1025"
  integrity sha512-llQsMLSUDUPT44jdrU/O37qlnifitDP+ZwrmmZcoSKyLKvtZxpyV0n2/bD/N4tBAAZ/gJEdZU7KMraoK1+XYAg==
  dependencies:
    forwarded "0.2.0"
    ipaddr.js "1.9.1"

qrcode-terminal@^0.12.0:
  version "0.12.0"
  resolved "https://registry.yarnpkg.com/qrcode-terminal/-/qrcode-terminal-0.12.0.tgz#bb5b699ef7f9f0505092a3748be4464fe71b5819"
  integrity sha512-EXtzRZmC+YGmGlDFbXKxQiMZNwCLEO6BANKXG4iCtSIM0yqc/pappSx3RIKr4r0uh5JsBckOXeKrB3Iz7mdQpQ==

qrcode@^1.5.0:
  version "1.5.0"
  resolved "https://registry.yarnpkg.com/qrcode/-/qrcode-1.5.0.tgz#95abb8a91fdafd86f8190f2836abbfc500c72d1b"
  integrity sha512-9MgRpgVc+/+47dFvQeD6U2s0Z92EsKzcHogtum4QB+UNd025WOJSHvn/hjk9xmzj7Stj95CyUAs31mrjxliEsQ==
  dependencies:
    dijkstrajs "^1.0.1"
    encode-utf8 "^1.0.3"
    pngjs "^5.0.0"
    yargs "^15.3.1"

qs@6.9.6:
  version "6.9.6"
  resolved "https://registry.yarnpkg.com/qs/-/qs-6.9.6.tgz#26ed3c8243a431b2924aca84cc90471f35d5a0ee"
  integrity sha512-TIRk4aqYLNoJUbd+g2lEdz5kLWIuTMRagAXxl78Q0RiVjAOugHmeKNGdd3cwo/ktpf9aL9epCfFqWDEKysUlLQ==

quick-format-unescaped@^4.0.3:
  version "4.0.4"
  resolved "https://registry.yarnpkg.com/quick-format-unescaped/-/quick-format-unescaped-4.0.4.tgz#93ef6dd8d3453cbc7970dd614fad4c5954d6b5a7"
  integrity sha512-tYC1Q1hgyRuHgloV/YXs2w15unPVh8qfu/qCTfhTYamaw7fyhumKa2yGpdSo87vY32rIclj+4fWYQXUMs9EHvg==

range-parser@~1.2.1:
  version "1.2.1"
  resolved "https://registry.yarnpkg.com/range-parser/-/range-parser-1.2.1.tgz#3cf37023d199e1c24d1a55b84800c2f3e6468031"
  integrity sha512-Hrgsx+orqoygnmhFbKaHE6c296J+HTAQXoxEF6gNupROmmGJRoyzfG3ccAveqCBrwr/2yxQ5BVd/GTl5agOwSg==

raw-body@2.4.2:
  version "2.4.2"
  resolved "https://registry.yarnpkg.com/raw-body/-/raw-body-2.4.2.tgz#baf3e9c21eebced59dd6533ac872b71f7b61cb32"
  integrity sha512-RPMAFUJP19WIet/99ngh6Iv8fzAbqum4Li7AD6DtGaW2RpMB/11xDoalPiJMTbu6I3hkbMVkATvZrqb9EEqeeQ==
  dependencies:
    bytes "3.1.1"
    http-errors "1.8.1"
    iconv-lite "0.4.24"
    unpipe "1.0.0"

readable-stream@^3.1.1, readable-stream@^3.6.0:
  version "3.6.0"
  resolved "https://registry.yarnpkg.com/readable-stream/-/readable-stream-3.6.0.tgz#337bbda3adc0706bd3e024426a286d4b4b2c9198"
  integrity sha512-BViHy7LKeTz4oNnkcLJ+lVSL6vpiFeX6/d3oSH8zCW7UxP2onchk+vTGB143xuFjHS3deTgkKoXXymXqymiIdA==
  dependencies:
    inherits "^2.0.3"
    string_decoder "^1.1.1"
    util-deprecate "^1.0.1"

readable-web-to-node-stream@^3.0.0:
  version "3.0.2"
  resolved "https://registry.yarnpkg.com/readable-web-to-node-stream/-/readable-web-to-node-stream-3.0.2.tgz#5d52bb5df7b54861fd48d015e93a2cb87b3ee0bb"
  integrity sha512-ePeK6cc1EcKLEhJFt/AebMCLL+GgSKhuygrZ/GLaKZYEecIgIECf4UaUuaByiGtzckwR4ain9VzUh95T1exYGw==
  dependencies:
    readable-stream "^3.6.0"

real-require@^0.1.0:
  version "0.1.0"
  resolved "https://registry.yarnpkg.com/real-require/-/real-require-0.1.0.tgz#736ac214caa20632847b7ca8c1056a0767df9381"
  integrity sha512-r/H9MzAWtrv8aSVjPCMFpDMl5q66GqtmmRkRjpHTsp4zBAa+snZyiQNlMONiUmEJcsnaw0wCauJ2GWODr/aFkg==

require-directory@^2.1.1:
  version "2.1.1"
  resolved "https://registry.yarnpkg.com/require-directory/-/require-directory-2.1.1.tgz#8c64ad5fd30dab1c976e2344ffe7f792a6a6df42"
  integrity sha1-jGStX9MNqxyXbiNE/+f3kqam30I=

require-main-filename@^2.0.0:
  version "2.0.0"
  resolved "https://registry.yarnpkg.com/require-main-filename/-/require-main-filename-2.0.0.tgz#d0b329ecc7cc0f61649f62215be69af54aa8989b"
  integrity sha512-NKN5kMDylKuldxYLSUfrbo5Tuzh4hd+2E8NPPX02mZtn1VuREQToYe/ZdlJy+J3uCpfaiGF05e7B8W0iXbQHmg==

safe-buffer@5.2.1, safe-buffer@~5.2.0:
  version "5.2.1"
  resolved "https://registry.yarnpkg.com/safe-buffer/-/safe-buffer-5.2.1.tgz#1eaf9fa9bdb1fdd4ec75f58f9cdb4e6b7827eec6"
  integrity sha512-rp3So07KcdmmKbGvgaNxQSJr7bGVSVk5S9Eq1F+ppbRo70+YeaDxkw5Dd8NPN+GD6bjnYm2VuPuCXmpuYvmCXQ==

safe-stable-stringify@^2.1.0:
  version "2.3.1"
  resolved "https://registry.yarnpkg.com/safe-stable-stringify/-/safe-stable-stringify-2.3.1.tgz#ab67cbe1fe7d40603ca641c5e765cb942d04fc73"
  integrity sha512-kYBSfT+troD9cDA85VDnHZ1rpHC50O0g1e6WlGHVCz/g+JS+9WKLj+XwFYyR8UbrZN8ll9HUpDAAddY58MGisg==

"safer-buffer@>= 2.1.2 < 3":
  version "2.1.2"
  resolved "https://registry.yarnpkg.com/safer-buffer/-/safer-buffer-2.1.2.tgz#44fa161b0187b9549dd84bb91802f9bd8385cd6a"
  integrity sha512-YZo3K82SD7Riyi0E1EQPojLz7kpepnSQI9IyPbHHg1XXXevb5dJI7tpyN2ADxGcQbHG7vcyRHk0cbwqcQriUtg==

send@0.17.2:
  version "0.17.2"
  resolved "https://registry.yarnpkg.com/send/-/send-0.17.2.tgz#926622f76601c41808012c8bf1688fe3906f7820"
  integrity sha512-UJYB6wFSJE3G00nEivR5rgWp8c2xXvJ3OPWPhmuteU0IKj8nKbG3DrjiOmLwpnHGYWAVwA69zmTm++YG0Hmwww==
  dependencies:
    debug "2.6.9"
    depd "~1.1.2"
    destroy "~1.0.4"
    encodeurl "~1.0.2"
    escape-html "~1.0.3"
    etag "~1.8.1"
    fresh "0.5.2"
    http-errors "1.8.1"
    mime "1.6.0"
    ms "2.1.3"
    on-finished "~2.3.0"
    range-parser "~1.2.1"
    statuses "~1.5.0"

serve-static@1.14.2:
  version "1.14.2"
  resolved "https://registry.yarnpkg.com/serve-static/-/serve-static-1.14.2.tgz#722d6294b1d62626d41b43a013ece4598d292bfa"
  integrity sha512-+TMNA9AFxUEGuC0z2mevogSnn9MXKb4fa7ngeRMJaaGv8vTwnIEkKi+QGvPt33HSnf8pRS+WGM0EbMtCJLKMBQ==
  dependencies:
    encodeurl "~1.0.2"
    escape-html "~1.0.3"
    parseurl "~1.3.3"
    send "0.17.2"

set-blocking@^2.0.0:
  version "2.0.0"
  resolved "https://registry.yarnpkg.com/set-blocking/-/set-blocking-2.0.0.tgz#045f9782d011ae9a6803ddd382b24392b3d890f7"
  integrity sha1-BF+XgtARrppoA93TgrJDkrPYkPc=

setprototypeof@1.2.0:
  version "1.2.0"
  resolved "https://registry.yarnpkg.com/setprototypeof/-/setprototypeof-1.2.0.tgz#66c9a24a73f9fc28cbe66b09fed3d33dcaf1b424"
  integrity sha512-E5LDX7Wrp85Kil5bhZv46j8jOeboKq5JMmYM3gVGdGH8xFpPWXUMsNrlODCrkoxMEeNi/XZIwuRvY4XNwYMJpw==

sonic-boom@^2.2.1:
  version "2.6.0"
  resolved "https://registry.yarnpkg.com/sonic-boom/-/sonic-boom-2.6.0.tgz#8786fc78be07c18a90381acd816d1d4afe3537a2"
  integrity sha512-6xYZFRmDEtxGqfOKcDQ4cPLrNa0SPEDI+wlzDAHowXE6YV42NeXqg9mP2KkiM8JVu3lHfZ2iQKYlGOz+kTpphg==
  dependencies:
    atomic-sleep "^1.0.0"

split2@^4.0.0:
  version "4.1.0"
  resolved "https://registry.yarnpkg.com/split2/-/split2-4.1.0.tgz#101907a24370f85bb782f08adaabe4e281ecf809"
  integrity sha512-VBiJxFkxiXRlUIeyMQi8s4hgvKCSjtknJv/LVYbrgALPwf5zSKmEwV9Lst25AkvMDnvxODugjdl6KZgwKM1WYQ==

"statuses@>= 1.5.0 < 2", statuses@~1.5.0:
  version "1.5.0"
  resolved "https://registry.yarnpkg.com/statuses/-/statuses-1.5.0.tgz#161c7dac177659fd9811f43771fa99381478628c"
  integrity sha1-Fhx9rBd2Wf2YEfQ3cfqZOBR4Yow=

stream-shift@^1.0.0:
  version "1.0.1"
  resolved "https://registry.yarnpkg.com/stream-shift/-/stream-shift-1.0.1.tgz#d7088281559ab2778424279b0877da3c392d5a3d"
  integrity sha512-AiisoFqQ0vbGcZgQPY1cdP2I76glaVA/RauYR4G4thNFgkTqr90yXTo4LYX60Jl+sIlPNHHdGSwo01AvbKUSVQ==

string-width@^4.1.0, string-width@^4.2.0:
  version "4.2.3"
  resolved "https://registry.yarnpkg.com/string-width/-/string-width-4.2.3.tgz#269c7117d27b05ad2e536830a8ec895ef9c6d010"
  integrity sha512-wKyQRQpjJ0sIp62ErSZdGsjMJWsap5oRNihHhu6G7JVO/9jIB6UyevL+tXuOqrng8j/cxKTWyWUwvSTriiZz/g==
  dependencies:
    emoji-regex "^8.0.0"
    is-fullwidth-code-point "^3.0.0"
    strip-ansi "^6.0.1"

string_decoder@^1.1.1:
  version "1.3.0"
  resolved "https://registry.yarnpkg.com/string_decoder/-/string_decoder-1.3.0.tgz#42f114594a46cf1a8e30b0a84f56c78c3edac21e"
  integrity sha512-hkRX8U1WjJFd8LsDJ2yQ/wWWxaopEsABU1XfkM8A+j0+85JAGppt16cr1Whg6KIbb4okU6Mql6BOj+uup/wKeA==
  dependencies:
    safe-buffer "~5.2.0"

strip-ansi@^6.0.0, strip-ansi@^6.0.1:
  version "6.0.1"
  resolved "https://registry.yarnpkg.com/strip-ansi/-/strip-ansi-6.0.1.tgz#9e26c63d30f53443e9489495b2105d37b67a85d9"
  integrity sha512-Y38VPSHcqkFrCpFnQ9vuSXmquuv5oXOKpGeT6aGrr3o3Gc9AlVa6JBfUSOCnbxGGZF+/0ooI7KrPuUSztUdU5A==
  dependencies:
    ansi-regex "^5.0.1"

strtok3@^6.2.4:
  version "6.3.0"
  resolved "https://registry.yarnpkg.com/strtok3/-/strtok3-6.3.0.tgz#358b80ffe6d5d5620e19a073aa78ce947a90f9a0"
  integrity sha512-fZtbhtvI9I48xDSywd/somNqgUHl2L2cstmXCCif0itOf96jeW18MBSyrLuNicYQVkvpOxkZtkzujiTJ9LW5Jw==
  dependencies:
    "@tokenizer/token" "^0.3.0"
    peek-readable "^4.1.0"

supports-color@^5.3.0:
  version "5.5.0"
  resolved "https://registry.yarnpkg.com/supports-color/-/supports-color-5.5.0.tgz#e2e69a44ac8772f78a1ec0b35b689df6530efc8f"
  integrity sha512-QjVjwdXIt408MIiAqCX4oUKsgU2EqAGzs2Ppkm4aQYbjm+ZEWEcW4SfFNTr4uMNZma0ey4f5lgLrkB0aX0QMow==
  dependencies:
    has-flag "^3.0.0"

thread-stream@^0.13.0:
  version "0.13.1"
  resolved "https://registry.yarnpkg.com/thread-stream/-/thread-stream-0.13.1.tgz#724e4c6ebaf6f5752a5dce54bef9153ecfdcb6df"
  integrity sha512-+KNCqNxOSwYfXLtCIRDKQq29x9jvqnOFjYCPdB38sf4pT3QanPSNc8vRqMj+Q3z4tYIctb5opNZrMK/GwmgsAQ==
  dependencies:
    real-require "^0.1.0"

toidentifier@1.0.1:
  version "1.0.1"
  resolved "https://registry.yarnpkg.com/toidentifier/-/toidentifier-1.0.1.tgz#3be34321a88a820ed1bd80dfaa33e479fbb8dd35"
  integrity sha512-o5sSPKEkg/DIQNmH43V0/uerLrpzVedkUh8tGNvaeXpfpuwjKenlSox/2O/BTlZUtEe+JG7s5YhEz608PlAHRA==

token-types@^4.1.1:
  version "4.1.1"
  resolved "https://registry.yarnpkg.com/token-types/-/token-types-4.1.1.tgz#ef9e8c8e2e0ded9f1b3f8dbaa46a3228b113ba1a"
  integrity sha512-hD+QyuUAyI2spzsI0B7gf/jJ2ggR4RjkAo37j3StuePhApJUwcWDjnHDOFdIWYSwNR28H14hpwm4EI+V1Ted1w==
  dependencies:
    "@tokenizer/token" "^0.3.0"
    ieee754 "^1.2.1"

type-is@~1.6.18:
  version "1.6.18"
  resolved "https://registry.yarnpkg.com/type-is/-/type-is-1.6.18.tgz#4e552cd05df09467dcbc4ef739de89f2cf37c131"
  integrity sha512-TkRKr9sUTxEH8MdfuCSP7VizJyzRNMjj2J2do2Jr3Kym598JVdEksuzPQCnlFPW4ky9Q+iA+ma9BGm06XQBy8g==
  dependencies:
    media-typer "0.3.0"
    mime-types "~2.1.24"

unpipe@1.0.0, unpipe@~1.0.0:
  version "1.0.0"
  resolved "https://registry.yarnpkg.com/unpipe/-/unpipe-1.0.0.tgz#b2bf4ee8514aae6165b4817829d21b2ef49904ec"
  integrity sha1-sr9O6FFKrmFltIF4KdIbLvSZBOw=

util-deprecate@^1.0.1:
  version "1.0.2"
  resolved "https://registry.yarnpkg.com/util-deprecate/-/util-deprecate-1.0.2.tgz#450d4dc9fa70de732762fbd2d4a28981419a0ccf"
  integrity sha1-RQ1Nyfpw3nMnYvvS1KKJgUGaDM8=

utils-merge@1.0.1:
  version "1.0.1"
  resolved "https://registry.yarnpkg.com/utils-merge/-/utils-merge-1.0.1.tgz#9f95710f50a267947b2ccc124741c1028427e713"
  integrity sha1-n5VxD1CiZ5R7LMwSR0HBAoQn5xM=

uuid@^8.3.2:
  version "8.3.2"
  resolved "https://registry.yarnpkg.com/uuid/-/uuid-8.3.2.tgz#80d5b5ced271bb9af6c445f21a1a04c606cefbe2"
  integrity sha512-+NYs2QeMWy+GWFOEm9xnn6HCDp0l7QBD7ml8zLUmJ+93Q5NF0NocErnwkTkXVFNiX3/fpC6afS8Dhb/gz7R7eg==

vary@~1.1.2:
  version "1.1.2"
  resolved "https://registry.yarnpkg.com/vary/-/vary-1.1.2.tgz#2299f02c6ded30d4a5961b0b9f74524a18f634fc"
  integrity sha1-IpnwLG3tMNSllhsLn3RSShj2NPw=

which-module@^2.0.0:
  version "2.0.0"
  resolved "https://registry.yarnpkg.com/which-module/-/which-module-2.0.0.tgz#d9ef07dce77b9902b8a3a8fa4b31c3e3f7e6e87a"
  integrity sha1-2e8H3Od7mQK4o6j6SzHD4/fm6Ho=

wrap-ansi@^6.2.0:
  version "6.2.0"
  resolved "https://registry.yarnpkg.com/wrap-ansi/-/wrap-ansi-6.2.0.tgz#e9393ba07102e6c91a3b221478f0257cd2856e53"
  integrity sha512-r6lPcBGxZXlIcymEu7InxDMhdW0KDxpLgoFLcguasxCaJ/SOIZwINatK9KY/tf+ZrlywOKU0UDj3ATXUBfxJXA==
  dependencies:
    ansi-styles "^4.0.0"
    string-width "^4.1.0"
    strip-ansi "^6.0.0"

wrappy@1:
  version "1.0.2"
  resolved "https://registry.yarnpkg.com/wrappy/-/wrappy-1.0.2.tgz#b5243d8f3ec1aa35f1364605bc0d1036e30ab69f"
  integrity sha1-tSQ9jz7BqjXxNkYFvA0QNuMKtp8=

ws@^8.0.0:
  version "8.5.0"
  resolved "https://registry.yarnpkg.com/ws/-/ws-8.5.0.tgz#bfb4be96600757fe5382de12c670dab984a1ed4f"
  integrity sha512-BWX0SWVgLPzYwF8lTzEy1egjhS4S4OEAHfsO8o65WOVsrnSRGaSiUaa9e0ggGlkMTtBlmOpEXiie9RUcBO86qg==

y18n@^4.0.0:
  version "4.0.3"
  resolved "https://registry.yarnpkg.com/y18n/-/y18n-4.0.3.tgz#b5f259c82cd6e336921efd7bfd8bf560de9eeedf"
  integrity sha512-JKhqTOwSrqNA1NY5lSztJ1GrBiUodLMmIZuLiDaMRJ+itFd+ABVE8XBjOvIWL+rSqNDC74LCSFmlb/U4UZ4hJQ==

yargs-parser@^18.1.2:
  version "18.1.3"
  resolved "https://registry.yarnpkg.com/yargs-parser/-/yargs-parser-18.1.3.tgz#be68c4975c6b2abf469236b0c870362fab09a7b0"
  integrity sha512-o50j0JeToy/4K6OZcaQmW6lyXXKhq7csREXcDwk2omFPJEwUNOVtJKvmDr9EI1fAJZUyZcRF7kxGBWmRXudrCQ==
  dependencies:
    camelcase "^5.0.0"
    decamelize "^1.2.0"

yargs@^15.3.1:
  version "15.4.1"
  resolved "https://registry.yarnpkg.com/yargs/-/yargs-15.4.1.tgz#0d87a16de01aee9d8bec2bfbf74f67851730f4f8"
  integrity sha512-aePbxDmcYW++PaqBsJ+HYUFwCdv4LVvdnhBy78E57PIor8/OVvhMrADFFEDh8DHDFRv/O9i3lPhsENjO7QX0+A==
  dependencies:
    cliui "^6.0.0"
    decamelize "^1.2.0"
    find-up "^4.1.0"
    get-caller-file "^2.0.1"
    require-directory "^2.1.1"
    require-main-filename "^2.0.0"
    set-blocking "^2.0.0"
    string-width "^4.2.0"
    which-module "^2.0.0"
    y18n "^4.0.0"
    yargs-parser "^18.1.2"
